
Microsoft Visual Studio Solution File, Format Version 12.00
# Visual Studio Version 17
VisualStudioVersion = 17.0.31903.59
MinimumVisualStudioVersion = 10.0.40219.1
Project("{2150E333-8FDC-42A3-9474-1A3956D46DE8}") = "Solution Items", "Solution Items", "{91232275-0789-4558-9C85-1754B571AB60}"
	ProjectSection(SolutionItems) = preProject
		.editorconfig = .editorconfig
		.env = .env
		.gitattributes = .gitattributes
		.gitignore = .gitignore
		Directory.Build.props = Directory.Build.props
		Directory.Packages.props = Directory.Packages.props
		LICENSE = LICENSE
		README.md = README.md
	EndProjectSection
EndProject
Project("{FAE04EC0-301F-11D3-BF4B-00C04F79EFBC}") = "HelloWorld", "src\HelloWorld\HelloWorld.csproj", "{98DE7E7D-6DF1-4C2B-B8B8-135191D45738}"
EndProject
Global
	GlobalSection(SolutionConfigurationPlatforms) = preSolution
		Debug|Any CPU = Debug|Any CPU
		Release|Any CPU = Release|Any CPU
	EndGlobalSection
	GlobalSection(ProjectConfigurationPlatforms) = postSolution
		{98DE7E7D-6DF1-4C2B-B8B8-135191D45738}.Debug|Any CPU.ActiveCfg = Debug|Any CPU
		{98DE7E7D-6DF1-4C2B-B8B8-135191D45738}.Debug|Any CPU.Build.0 = Debug|Any CPU
		{98DE7E7D-6DF1-4C2B-B8B8-135191D45738}.Release|Any CPU.ActiveCfg = Release|Any CPU
		{98DE7E7D-6DF1-4C2B-B8B8-135191D45738}.Release|Any CPU.Build.0 = Release|Any CPU
	EndGlobalSection
	GlobalSection(SolutionProperties) = preSolution
		HideSolutionNode = FALSE
	EndGlobalSection
	GlobalSection(ExtensibilityGlobals) = postSolution
		SolutionGuid = {6120838C-0756-4229-A7B5-7FA7D31FABEE}
	EndGlobalSection
EndGlobal
